// !$*UTF8*$!
{
	archiveVersion = 1;
	classes = {
	};
	objectVersion = 50;
	objects = {

/* Begin PBXBuildFile section */
		3F02381B252666F700C2F596 /* UIViewController+alert.swift in Sources */ = {isa = PBXBuildFile; fileRef = 3F02381A252666F700C2F596 /* UIViewController+alert.swift */; };
		3F5BC3C4251BD05E007AA012 /* AppDelegate.swift in Sources */ = {isa = PBXBuildFile; fileRef = 3F5BC3C3251BD05E007AA012 /* AppDelegate.swift */; };
		3F5BC3C6251BD05E007AA012 /* SceneDelegate.swift in Sources */ = {isa = PBXBuildFile; fileRef = 3F5BC3C5251BD05E007AA012 /* SceneDelegate.swift */; };
		3F5BC3C8251BD05E007AA012 /* ToDoListViewController.swift in Sources */ = {isa = PBXBuildFile; fileRef = 3F5BC3C7251BD05E007AA012 /* ToDoListViewController.swift */; };
		3F5BC3CB251BD05E007AA012 /* Main.storyboard in Resources */ = {isa = PBXBuildFile; fileRef = 3F5BC3C9251BD05E007AA012 /* Main.storyboard */; };
		3F5BC3CD251BD061007AA012 /* Assets.xcassets in Resources */ = {isa = PBXBuildFile; fileRef = 3F5BC3CC251BD061007AA012 /* Assets.xcassets */; };
		3F5BC3D0251BD061007AA012 /* LaunchScreen.storyboard in Resources */ = {isa = PBXBuildFile; fileRef = 3F5BC3CE251BD061007AA012 /* LaunchScreen.storyboard */; };
		3F5BC3F8251BEF42007AA012 /* ToDoDetailTableViewController.swift in Sources */ = {isa = PBXBuildFile; fileRef = 3F5BC3F7251BEF42007AA012 /* ToDoDetailTableViewController.swift */; };
		3F5BC3FC251C4D35007AA012 /* ToDoItem.swift in Sources */ = {isa = PBXBuildFile; fileRef = 3F5BC3FB251C4D35007AA012 /* ToDoItem.swift */; };
		3F6F9AA325258ABC00CF588D /* ToDoItems.swift in Sources */ = {isa = PBXBuildFile; fileRef = 3F6F9AA225258ABC00CF588D /* ToDoItems.swift */; };
		3F6F9AAA252591C700CF588D /* LocalNotificationManager.swift in Sources */ = {isa = PBXBuildFile; fileRef = 3F6F9AA9252591C700CF588D /* LocalNotificationManager.swift */; };
		3FC7229825252CB900045F14 /* ListTableViewCell.swift in Sources */ = {isa = PBXBuildFile; fileRef = 3FC7229725252CB900045F14 /* ListTableViewCell.swift */; };
/* End PBXBuildFile section */

/* Begin PBXFileReference section */
		3F02381A252666F700C2F596 /* UIViewController+alert.swift */ = {isa = PBXFileReference; lastKnownFileType = sourcecode.swift; path = "UIViewController+alert.swift"; sourceTree = "<group>"; };
		3F5BC3C0251BD05E007AA012 /* ToDo List.app */ = {isa = PBXFileReference; explicitFileType = wrapper.application; includeInIndex = 0; path = "ToDo List.app"; sourceTree = BUILT_PRODUCTS_DIR; };
		3F5BC3C3251BD05E007AA012 /* AppDelegate.swift */ = {isa = PBXFileReference; lastKnownFileType = sourcecode.swift; path = AppDelegate.swift; sourceTree = "<group>"; };
		3F5BC3C5251BD05E007AA012 /* SceneDelegate.swift */ = {isa = PBXFileReference; lastKnownFileType = sourcecode.swift; path = SceneDelegate.swift; sourceTree = "<group>"; };
		3F5BC3C7251BD05E007AA012 /* ToDoListViewController.swift */ = {isa = PBXFileReference; lastKnownFileType = sourcecode.swift; path = ToDoListViewController.swift; sourceTree = "<group>"; };
		3F5BC3CA251BD05E007AA012 /* Base */ = {isa = PBXFileReference; lastKnownFileType = file.storyboard; name = Base; path = Base.lproj/Main.storyboard; sourceTree = "<group>"; };
		3F5BC3CC251BD061007AA012 /* Assets.xcassets */ = {isa = PBXFileReference; lastKnownFileType = folder.assetcatalog; path = Assets.xcassets; sourceTree = "<group>"; };
		3F5BC3CF251BD061007AA012 /* Base */ = {isa = PBXFileReference; lastKnownFileType = file.storyboard; name = Base; path = Base.lproj/LaunchScreen.storyboard; sourceTree = "<group>"; };
		3F5BC3D1251BD061007AA012 /* Info.plist */ = {isa = PBXFileReference; lastKnownFileType = text.plist.xml; path = Info.plist; sourceTree = "<group>"; };
		3F5BC3F7251BEF42007AA012 /* ToDoDetailTableViewController.swift */ = {isa = PBXFileReference; lastKnownFileType = sourcecode.swift; path = ToDoDetailTableViewController.swift; sourceTree = "<group>"; };
		3F5BC3FB251C4D35007AA012 /* ToDoItem.swift */ = {isa = PBXFileReference; lastKnownFileType = sourcecode.swift; path = ToDoItem.swift; sourceTree = "<group>"; };
		3F6F9AA225258ABC00CF588D /* ToDoItems.swift */ = {isa = PBXFileReference; lastKnownFileType = sourcecode.swift; path = ToDoItems.swift; sourceTree = "<group>"; };
		3F6F9AA9252591C700CF588D /* LocalNotificationManager.swift */ = {isa = PBXFileReference; lastKnownFileType = sourcecode.swift; path = LocalNotificationManager.swift; sourceTree = "<group>"; };
		3FC7229725252CB900045F14 /* ListTableViewCell.swift */ = {isa = PBXFileReference; lastKnownFileType = sourcecode.swift; path = ListTableViewCell.swift; sourceTree = "<group>"; };
/* End PBXFileReference section */

/* Begin PBXFrameworksBuildPhase section */
		3F5BC3BD251BD05E007AA012 /* Frameworks */ = {
			isa = PBXFrameworksBuildPhase;
			buildActionMask = 2147483647;
			files = (
			);
			runOnlyForDeploymentPostprocessing = 0;
		};
/* End PBXFrameworksBuildPhase section */

/* Begin PBXGroup section */
		3F5BC3B7251BD05E007AA012 = {
			isa = PBXGroup;
			children = (
				3F5BC3C2251BD05E007AA012 /* ToDo List */,
				3F5BC3C1251BD05E007AA012 /* Products */,
			);
			sourceTree = "<group>";
		};
		3F5BC3C1251BD05E007AA012 /* Products */ = {
			isa = PBXGroup;
			children = (
				3F5BC3C0251BD05E007AA012 /* ToDo List.app */,
			);
			name = Products;
			sourceTree = "<group>";
		};
		3F5BC3C2251BD05E007AA012 /* ToDo List */ = {
			isa = PBXGroup;
			children = (
				3F5BC3C3251BD05E007AA012 /* AppDelegate.swift */,
				3F5BC3C5251BD05E007AA012 /* SceneDelegate.swift */,
				3F6F9AA9252591C700CF588D /* LocalNotificationManager.swift */,
				3F02381A252666F700C2F596 /* UIViewController+alert.swift */,
				3F5BC3FB251C4D35007AA012 /* ToDoItem.swift */,
				3F6F9AA225258ABC00CF588D /* ToDoItems.swift */,
				3F5BC3C7251BD05E007AA012 /* ToDoListViewController.swift */,
				3F5BC3F7251BEF42007AA012 /* ToDoDetailTableViewController.swift */,
				3FC7229725252CB900045F14 /* ListTableViewCell.swift */,
				3F5BC3C9251BD05E007AA012 /* Main.storyboard */,
				3F5BC3CC251BD061007AA012 /* Assets.xcassets */,
				3F5BC3CE251BD061007AA012 /* LaunchScreen.storyboard */,
				3F5BC3D1251BD061007AA012 /* Info.plist */,
			);
			path = "ToDo List";
			sourceTree = "<group>";
		};
/* End PBXGroup section */

/* Begin PBXNativeTarget section */
		3F5BC3BF251BD05E007AA012 /* ToDo List */ = {
			isa = PBXNativeTarget;
			buildConfigurationList = 3F5BC3D4251BD061007AA012 /* Build configuration list for PBXNativeTarget "ToDo List" */;
			buildPhases = (
				3F5BC3BC251BD05E007AA012 /* Sources */,
				3F5BC3BD251BD05E007AA012 /* Frameworks */,
				3F5BC3BE251BD05E007AA012 /* Resources */,
			);
			buildRules = (
			);
			dependencies = (
			);
			name = "ToDo List";
			productName = "ToDo List";
			productReference = 3F5BC3C0251BD05E007AA012 /* ToDo List.app */;
			productType = "com.apple.product-type.application";
		};
/* End PBXNativeTarget section */

/* Begin PBXProject section */
		3F5BC3B8251BD05E007AA012 /* Project object */ = {
			isa = PBXProject;
			attributes = {
				LastSwiftUpdateCheck = 1170;
				LastUpgradeCheck = 1170;
				ORGANIZATIONNAME = "Chris Bertram";
				TargetAttributes = {
					3F5BC3BF251BD05E007AA012 = {
						CreatedOnToolsVersion = 11.7;
					};
				};
			};
			buildConfigurationList = 3F5BC3BB251BD05E007AA012 /* Build configuration list for PBXProject "ToDo List" */;
			compatibilityVersion = "Xcode 9.3";
			developmentRegion = en;
			hasScannedForEncodings = 0;
			knownRegions = (
				en,
				Base,
			);
			mainGroup = 3F5BC3B7251BD05E007AA012;
			productRefGroup = 3F5BC3C1251BD05E007AA012 /* Products */;
			projectDirPath = "";
			projectRoot = "";
			targets = (
				3F5BC3BF251BD05E007AA012 /* ToDo List */,
			);
		};
/* End PBXProject section */

/* Begin PBXResourcesBuildPhase section */
		3F5BC3BE251BD05E007AA012 /* Resources */ = {
			isa = PBXResourcesBuildPhase;
			buildActionMask = 2147483647;
			files = (
				3F5BC3D0251BD061007AA012 /* LaunchScreen.storyboard in Resources */,
				3F5BC3CD251BD061007AA012 /* Assets.xcassets in Resources */,
				3F5BC3CB251BD05E007AA012 /* Main.storyboard in Resources */,
			);
			runOnlyForDeploymentPostprocessing = 0;
		};
/* End PBXResourcesBuildPhase section */

/* Begin PBXSourcesBuildPhase section */
		3F5BC3BC251BD05E007AA012 /* Sources */ = {
			isa = PBXSourcesBuildPhase;
			buildActionMask = 2147483647;
			files = (
				3F5BC3C8251BD05E007AA012 /* ToDoListViewController.swift in Sources */,
				3F6F9AA325258ABC00CF588D /* ToDoItems.swift in Sources */,
				3F5BC3C4251BD05E007AA012 /* AppDelegate.swift in Sources */,
				3F02381B252666F700C2F596 /* UIViewController+alert.swift in Sources */,
				3F5BC3FC251C4D35007AA012 /* ToDoItem.swift in Sources */,
				3F5BC3F8251BEF42007AA012 /* ToDoDetailTableViewController.swift in Sources */,
				3F5BC3C6251BD05E007AA012 /* SceneDelegate.swift in Sources */,
				3F6F9AAA252591C700CF588D /* LocalNotificationManager.swift in Sources */,
				3FC7229825252CB900045F14 /* ListTableViewCell.swift in Sources */,
			);
			runOnlyForDeploymentPostprocessing = 0;
		};
/* End PBXSourcesBuildPhase section */

/* Begin PBXVariantGroup section */
		3F5BC3C9251BD05E007AA012 /* Main.storyboard */ = {
			isa = PBXVariantGroup;
			children = (
				3F5BC3CA251BD05E007AA012 /* Base */,
			);
			name = Main.storyboard;
			sourceTree = "<group>";
		};
		3F5BC3CE251BD061007AA012 /* LaunchScreen.storyboard */ = {
			isa = PBXVariantGroup;
			children = (
				3F5BC3CF251BD061007AA012 /* Base */,
			);
			name = LaunchScreen.storyboard;
			sourceTree = "<group>";
		};
/* End PBXVariantGroup section */

/* Begin XCBuildConfiguration section */
		3F5BC3D2251BD061007AA012 /* Debug */ = {
			isa = XCBuildConfiguration;
			buildSettings = {
				ALWAYS_SEARCH_USER_PATHS = NO;
				CLANG_ANALYZER_NONNULL = YES;
				CLANG_ANALYZER_NUMBER_OBJECT_CONVERSION = YES_AGGRESSIVE;
				CLANG_CXX_LANGUAGE_STANDARD = "gnu++14";
				CLANG_CXX_LIBRARY = "libc++";
				CLANG_ENABLE_MODULES = YES;
				CLANG_ENABLE_OBJC_ARC = YES;
				CLANG_ENABLE_OBJC_WEAK = YES;
				CLANG_WARN_BLOCK_CAPTURE_AUTORELEASING = YES;
				CLANG_WARN_BOOL_CONVERSION = YES;
				CLANG_WARN_COMMA = YES;
				CLANG_WARN_CONSTANT_CONVERSION = YES;
				CLANG_WARN_DEPRECATED_OBJC_IMPLEMENTATIONS = YES;
				CLANG_WARN_DIRECT_OBJC_ISA_USAGE = YES_ERROR;
				CLANG_WARN_DOCUMENTATION_COMMENTS = YES;
				CLANG_WARN_EMPTY_BODY = YES;
				CLANG_WARN_ENUM_CONVERSION = YES;
				CLANG_WARN_INFINITE_RECURSION = YES;
				CLANG_WARN_INT_CONVERSION = YES;
				CLANG_WARN_NON_LITERAL_NULL_CONVERSION = YES;
				CLANG_WARN_OBJC_IMPLICIT_RETAIN_SELF = YES;
				CLANG_WARN_OBJC_LITERAL_CONVERSION = YES;
				CLANG_WARN_OBJC_ROOT_CLASS = YES_ERROR;
				CLANG_WARN_RANGE_LOOP_ANALYSIS = YES;
				CLANG_WARN_STRICT_PROTOTYPES = YES;
				CLANG_WARN_SUSPICIOUS_MOVE = YES;
				CLANG_WARN_UNGUARDED_AVAILABILITY = YES_AGGRESSIVE;
				CLANG_WARN_UNREACHABLE_CODE = YES;
				CLANG_WARN__DUPLICATE_METHOD_MATCH = YES;
				COPY_PHASE_STRIP = NO;
				DEBUG_INFORMATION_FORMAT = dwarf;
				ENABLE_STRICT_OBJC_MSGSEND = YES;
				ENABLE_TESTABILITY = YES;
				GCC_C_LANGUAGE_STANDARD = gnu11;
				GCC_DYNAMIC_NO_PIC = NO;
				GCC_NO_COMMON_BLOCKS = YES;
				GCC_OPTIMIZATION_LEVEL = 0;
				GCC_PREPROCESSOR_DEFINITIONS = (
					"DEBUG=1",
					"$(inherited)",
				);
				GCC_WARN_64_TO_32_BIT_CONVERSION = YES;
				GCC_WARN_ABOUT_RETURN_TYPE = YES_ERROR;
				GCC_WARN_UNDECLARED_SELECTOR = YES;
				GCC_WARN_UNINITIALIZED_AUTOS = YES_AGGRESSIVE;
				GCC_WARN_UNUSED_FUNCTION = YES;
				GCC_WARN_UNUSED_VARIABLE = YES;
				IPHONEOS_DEPLOYMENT_TARGET = 13.7;
				MTL_ENABLE_DEBUG_INFO = INCLUDE_SOURCE;
				MTL_FAST_MATH = YES;
				ONLY_ACTIVE_ARCH = YES;
				SDKROOT = iphoneos;
				SWIFT_ACTIVE_COMPILATION_CONDITIONS = DEBUG;
				SWIFT_OPTIMIZATION_LEVEL = "-Onone";
			};
			name = Debug;
		};
		3F5BC3D3251BD061007AA012 /* Release */ = {
			isa = XCBuildConfiguration;
			buildSettings = {
				ALWAYS_SEARCH_USER_PATHS = NO;
				CLANG_ANALYZER_NONNULL = YES;
				CLANG_ANALYZER_NUMBER_OBJECT_CONVERSION = YES_AGGRESSIVE;
				CLANG_CXX_LANGUAGE_STANDARD = "gnu++14";
				CLANG_CXX_LIBRARY = "libc++";
				CLANG_ENABLE_MODULES = YES;
				CLANG_ENABLE_OBJC_ARC = YES;
				CLANG_ENABLE_OBJC_WEAK = YES;
				CLANG_WARN_BLOCK_CAPTURE_AUTORELEASING = YES;
				CLANG_WARN_BOOL_CONVERSION = YES;
				CLANG_WARN_COMMA = YES;
				CLANG_WARN_CONSTANT_CONVERSION = YES;
				CLANG_WARN_DEPRECATED_OBJC_IMPLEMENTATIONS = YES;
				CLANG_WARN_DIRECT_OBJC_ISA_USAGE = YES_ERROR;
				CLANG_WARN_DOCUMENTATION_COMMENTS = YES;
				CLANG_WARN_EMPTY_BODY = YES;
				CLANG_WARN_ENUM_CONVERSION = YES;
				CLANG_WARN_INFINITE_RECURSION = YES;
				CLANG_WARN_INT_CONVERSION = YES;
				CLANG_WARN_NON_LITERAL_NULL_CONVERSION = YES;
				CLANG_WARN_OBJC_IMPLICIT_RETAIN_SELF = YES;
				CLANG_WARN_OBJC_LITERAL_CONVERSION = YES;
				CLANG_WARN_OBJC_ROOT_CLASS = YES_ERROR;
				CLANG_WARN_RANGE_LOOP_ANALYSIS = YES;
				CLANG_WARN_STRICT_PROTOTYPES = YES;
				CLANG_WARN_SUSPICIOUS_MOVE = YES;
				CLANG_WARN_UNGUARDED_AVAILABILITY = YES_AGGRESSIVE;
				CLANG_WARN_UNREACHABLE_CODE = YES;
				CLANG_WARN__DUPLICATE_METHOD_MATCH = YES;
				COPY_PHASE_STRIP = NO;
				DEBUG_INFORMATION_FORMAT = "dwarf-with-dsym";
				ENABLE_NS_ASSERTIONS = NO;
				ENABLE_STRICT_OBJC_MSGSEND = YES;
				GCC_C_LANGUAGE_STANDARD = gnu11;
				GCC_NO_COMMON_BLOCKS = YES;
				GCC_WARN_64_TO_32_BIT_CONVERSION = YES;
				GCC_WARN_ABOUT_RETURN_TYPE = YES_ERROR;
				GCC_WARN_UNDECLARED_SELECTOR = YES;
				GCC_WARN_UNINITIALIZED_AUTOS = YES_AGGRESSIVE;
				GCC_WARN_UNUSED_FUNCTION = YES;
				GCC_WARN_UNUSED_VARIABLE = YES;
				IPHONEOS_DEPLOYMENT_TARGET = 13.7;
				MTL_ENABLE_DEBUG_INFO = NO;
				MTL_FAST_MATH = YES;
				SDKROOT = iphoneos;
				SWIFT_COMPILATION_MODE = wholemodule;
				SWIFT_OPTIMIZATION_LEVEL = "-O";
				VALIDATE_PRODUCT = YES;
			};
			name = Release;
		};
		3F5BC3D5251BD061007AA012 /* Debug */ = {
			isa = XCBuildConfiguration;
			buildSettings = {
				ASSETCATALOG_COMPILER_APPICON_NAME = AppIcon;
				CODE_SIGN_STYLE = Automatic;
				DEVELOPMENT_TEAM = 9F3792KRJK;
				INFOPLIST_FILE = "ToDo List/Info.plist";
				LD_RUNPATH_SEARCH_PATHS = (
					"$(inherited)",
					"@executable_path/Frameworks",
				);
				PRODUCT_BUNDLE_IDENTIFIER = "com.Bertram.ToDo-List";
				PRODUCT_NAME = "$(TARGET_NAME)";
				SWIFT_VERSION = 5.0;
				TARGETED_DEVICE_FAMILY = "1,2";
			};
			name = Debug;
		};
		3F5BC3D6251BD061007AA012 /* Release */ = {
			isa = XCBuildConfiguration;
			buildSettings = {
				ASSETCATALOG_COMPILER_APPICON_NAME = AppIcon;
				CODE_SIGN_STYLE = Automatic;
				DEVELOPMENT_TEAM = 9F3792KRJK;
				INFOPLIST_FILE = "ToDo List/Info.plist";
				LD_RUNPATH_SEARCH_PATHS = (
					"$(inherited)",
					"@executable_path/Frameworks",
				);
				PRODUCT_BUNDLE_IDENTIFIER = "com.Bertram.ToDo-List";
				PRODUCT_NAME = "$(TARGET_NAME)";
				SWIFT_VERSION = 5.0;
				TARGETED_DEVICE_FAMILY = "1,2";
			};
			name = Release;
		};
/* End XCBuildConfiguration section */

/* Begin XCConfigurationList section */
		3F5BC3BB251BD05E007AA012 /* Build configuration list for PBXProject "ToDo List" */ = {
			isa = XCConfigurationList;
			buildConfigurations = (
				3F5BC3D2251BD061007AA012 /* Debug */,
				3F5BC3D3251BD061007AA012 /* Release */,
			);
			defaultConfigurationIsVisible = 0;
			defaultConfigurationName = Release;
		};
		3F5BC3D4251BD061007AA012 /* Build configuration list for PBXNativeTarget "ToDo List" */ = {
			isa = XCConfigurationList;
			buildConfigurations = (
				3F5BC3D5251BD061007AA012 /* Debug */,
				3F5BC3D6251BD061007AA012 /* Release */,
			);
			defaultConfigurationIsVisible = 0;
			defaultConfigurationName = Release;
		};
/* End XCConfigurationList section */
	};
	rootObject = 3F5BC3B8251BD05E007AA012 /* Project object */;
}
